
Microsoft Visual Studio Solution File, Format Version 12.00
Project("{FAE04EC0-301F-11D3-BF4B-00C04F79EFBC}") = "helppeople.BolsaEmpleo.Web", "helppeople.BolsaEmpleo.Web\helppeople.BolsaEmpleo.Web.csproj", "{DD5144F9-39B6-4A52-AADA-8B3684FD9C85}"
EndProject
Project("{FAE04EC0-301F-11D3-BF4B-00C04F79EFBC}") = "helppeople.BolsaEmpleo.Application", "..\helppeople.BolsaEmpleo.Application\helppeople.BolsaEmpleo.Application\helppeople.BolsaEmpleo.Application.csproj", "{139280FD-A4B3-4800-A0E9-E863D3A7A9F8}"
EndProject
Project("{FAE04EC0-301F-11D3-BF4B-00C04F79EFBC}") = "helppeople.BolsaEmpleo.Domain", "..\helppeople.BolsaEmpleo.Domain\helppeople.BolsaEmpleo.Domain\helppeople.BolsaEmpleo.Domain.csproj", "{51690625-4B68-43FC-AB9E-15B7D60FD6FF}"
EndProject
Project("{FAE04EC0-301F-11D3-BF4B-00C04F79EFBC}") = "helppeople.BolsaEmpleo.Infraestructure", "..\helppeople.BolsaEmpleo.Infraestructure\helppeople.BolsaEmpleo.Infraestructure\helppeople.BolsaEmpleo.Infraestructure.csproj", "{9DC998DD-0255-4FE2-B672-82D99717D003}"
EndProject
Global
	GlobalSection(SolutionConfigurationPlatforms) = preSolution
		Debug|Any CPU = Debug|Any CPU
		Release|Any CPU = Release|Any CPU
	EndGlobalSection
	GlobalSection(ProjectConfigurationPlatforms) = postSolution
		{DD5144F9-39B6-4A52-AADA-8B3684FD9C85}.Debug|Any CPU.ActiveCfg = Debug|Any CPU
		{DD5144F9-39B6-4A52-AADA-8B3684FD9C85}.Debug|Any CPU.Build.0 = Debug|Any CPU
		{DD5144F9-39B6-4A52-AADA-8B3684FD9C85}.Release|Any CPU.ActiveCfg = Release|Any CPU
		{DD5144F9-39B6-4A52-AADA-8B3684FD9C85}.Release|Any CPU.Build.0 = Release|Any CPU
		{139280FD-A4B3-4800-A0E9-E863D3A7A9F8}.Debug|Any CPU.ActiveCfg = Debug|Any CPU
		{139280FD-A4B3-4800-A0E9-E863D3A7A9F8}.Debug|Any CPU.Build.0 = Debug|Any CPU
		{139280FD-A4B3-4800-A0E9-E863D3A7A9F8}.Release|Any CPU.ActiveCfg = Release|Any CPU
		{139280FD-A4B3-4800-A0E9-E863D3A7A9F8}.Release|Any CPU.Build.0 = Release|Any CPU
		{51690625-4B68-43FC-AB9E-15B7D60FD6FF}.Debug|Any CPU.ActiveCfg = Debug|Any CPU
		{51690625-4B68-43FC-AB9E-15B7D60FD6FF}.Debug|Any CPU.Build.0 = Debug|Any CPU
		{51690625-4B68-43FC-AB9E-15B7D60FD6FF}.Release|Any CPU.ActiveCfg = Release|Any CPU
		{51690625-4B68-43FC-AB9E-15B7D60FD6FF}.Release|Any CPU.Build.0 = Release|Any CPU
		{9DC998DD-0255-4FE2-B672-82D99717D003}.Debug|Any CPU.ActiveCfg = Debug|Any CPU
		{9DC998DD-0255-4FE2-B672-82D99717D003}.Debug|Any CPU.Build.0 = Debug|Any CPU
		{9DC998DD-0255-4FE2-B672-82D99717D003}.Release|Any CPU.ActiveCfg = Release|Any CPU
		{9DC998DD-0255-4FE2-B672-82D99717D003}.Release|Any CPU.Build.0 = Release|Any CPU
	EndGlobalSection
EndGlobal
